
Microsoft Visual Studio Solution File, Format Version 12.00
# Visual Studio Version 17
VisualStudioVersion = 17.5.002.0
MinimumVisualStudioVersion = 10.0.40219.1
Project("{9A19103F-16F7-4668-BE54-9A1E7A4F7556}") = "api", "api\api.csproj", "{061A4405-33C3-4ED4-99E7-4D4EFF06A020}"
EndProject
Global
	GlobalSection(SolutionConfigurationPlatforms) = preSolution
		Debug|Any CPU = Debug|Any CPU
		Release|Any CPU = Release|Any CPU
	EndGlobalSection
	GlobalSection(ProjectConfigurationPlatforms) = postSolution
		{061A4405-33C3-4ED4-99E7-4D4EFF06A020}.Debug|Any CPU.ActiveCfg = Debug|Any CPU
		{061A4405-33C3-4ED4-99E7-4D4EFF06A020}.Debug|Any CPU.Build.0 = Debug|Any CPU
		{061A4405-33C3-4ED4-99E7-4D4EFF06A020}.Release|Any CPU.ActiveCfg = Release|Any CPU
		{061A4405-33C3-4ED4-99E7-4D4EFF06A020}.Release|Any CPU.Build.0 = Release|Any CPU
	EndGlobalSection
	GlobalSection(SolutionProperties) = preSolution
		HideSolutionNode = FALSE
	EndGlobalSection
	GlobalSection(ExtensibilityGlobals) = postSolution
		SolutionGuid = {C8167924-CB88-49CA-8F34-C72AA3E8CA57}
	EndGlobalSection
EndGlobal
